
Microsoft Visual Studio Solution File, Format Version 12.00
# Visual Studio 15
VisualStudioVersion = 15.0.28307.1062
MinimumVisualStudioVersion = 10.0.40219.1
Project("{8BC9CEB8-8B4A-11D0-8D11-00A0C91BC942}") = "selectclient", "IO\select\selectclient\selectclient.vcxproj", "{A8EF3B75-7E85-46BB-BC26-D49264028EDC}"
EndProject
Project("{8BC9CEB8-8B4A-11D0-8D11-00A0C91BC942}") = "overlappedServer", "IO\overlapped\overlappedServer\overlappedServer.vcxproj", "{E9A22867-3C8D-4A33-91A1-4437850AB540}"
EndProject
Global
	GlobalSection(SolutionConfigurationPlatforms) = preSolution
		Debug|x64 = Debug|x64
		Debug|x86 = Debug|x86
		Release|x64 = Release|x64
		Release|x86 = Release|x86
	EndGlobalSection
	GlobalSection(ProjectConfigurationPlatforms) = postSolution
		{A8EF3B75-7E85-46BB-BC26-D49264028EDC}.Debug|x64.ActiveCfg = Debug|Win32
		{A8EF3B75-7E85-46BB-BC26-D49264028EDC}.Debug|x86.ActiveCfg = Debug|Win32
		{A8EF3B75-7E85-46BB-BC26-D49264028EDC}.Debug|x86.Build.0 = Debug|Win32
		{A8EF3B75-7E85-46BB-BC26-D49264028EDC}.Release|x64.ActiveCfg = Release|Win32
		{A8EF3B75-7E85-46BB-BC26-D49264028EDC}.Release|x86.ActiveCfg = Release|Win32
		{A8EF3B75-7E85-46BB-BC26-D49264028EDC}.Release|x86.Build.0 = Release|Win32
		{E9A22867-3C8D-4A33-91A1-4437850AB540}.Debug|x64.ActiveCfg = Debug|Win32
		{E9A22867-3C8D-4A33-91A1-4437850AB540}.Debug|x86.ActiveCfg = Debug|Win32
		{E9A22867-3C8D-4A33-91A1-4437850AB540}.Debug|x86.Build.0 = Debug|Win32
		{E9A22867-3C8D-4A33-91A1-4437850AB540}.Release|x64.ActiveCfg = Release|Win32
		{E9A22867-3C8D-4A33-91A1-4437850AB540}.Release|x86.ActiveCfg = Release|Win32
		{E9A22867-3C8D-4A33-91A1-4437850AB540}.Release|x86.Build.0 = Release|Win32
	EndGlobalSection
	GlobalSection(SolutionProperties) = preSolution
		HideSolutionNode = FALSE
	EndGlobalSection
	GlobalSection(ExtensibilityGlobals) = postSolution
		SolutionGuid = {E3BC9C1F-6563-404C-BA77-9372A0DE8C14}
	EndGlobalSection
EndGlobal
